Microsoft Visual Studio Solution File, Format Version 7.00
Project("{8BC9CEB8-8B4A-11D0-8D11-00A0C91BC942}") = "asf_tools", "asf_tools.vcproj", "{1DABAE2E-5C43-4247-9986-4C44DF199FC8}"
EndProject
Global
	GlobalSection(SolutionConfiguration) = preSolution
		ConfigName.0 = Debug
		ConfigName.1 = Release
	EndGlobalSection
	GlobalSection(ProjectDependencies) = postSolution
	EndGlobalSection
	GlobalSection(ProjectConfiguration) = postSolution
		{1DABAE2E-5C43-4247-9986-4C44DF199FC8}.Debug.ActiveCfg = Debug|Win32
		{1DABAE2E-5C43-4247-9986-4C44DF199FC8}.Debug.Build.0 = Debug|Win32
		{1DABAE2E-5C43-4247-9986-4C44DF199FC8}.Release.ActiveCfg = Release|Win32
		{1DABAE2E-5C43-4247-9986-4C44DF199FC8}.Release.Build.0 = Release|Win32
	EndGlobalSection
	GlobalSection(ExtensibilityGlobals) = postSolution
	EndGlobalSection
	GlobalSection(ExtensibilityAddIns) = postSolution
	EndGlobalSection
EndGlobal
